// !$*UTF8*$!
{
	archiveVersion = 1;
	classes = {
	};
	objectVersion = 56;
	objects = {

/* Begin PBXBuildFile section */
		348A68BB29CD877F0001AF1D /* LottieButton.swift in Sources */ = {isa = PBXBuildFile; fileRef = 348A68BA29CD877F0001AF1D /* LottieButton.swift */; };
		348A68BD29CD87860001AF1D /* LottieLoopView.swift in Sources */ = {isa = PBXBuildFile; fileRef = 348A68BC29CD87860001AF1D /* LottieLoopView.swift */; };
		348A68BF29CD87960001AF1D /* AnimationTestView.swift in Sources */ = {isa = PBXBuildFile; fileRef = 348A68BE29CD87960001AF1D /* AnimationTestView.swift */; };
		348A68C229CD87AC0001AF1D /* Lottie in Frameworks */ = {isa = PBXBuildFile; productRef = 348A68C129CD87AC0001AF1D /* Lottie */; };
		348A68C629CD88440001AF1D /* Heart Rate Clean.json in Resources */ = {isa = PBXBuildFile; fileRef = 348A68C529CD88440001AF1D /* Heart Rate Clean.json */; };
		348A68C829CD89040001AF1D /* play-button.png in Resources */ = {isa = PBXBuildFile; fileRef = 348A68C729CD89040001AF1D /* play-button.png */; };
		348A68CC29CD8A8A0001AF1D /* MoonBold.otf in Resources */ = {isa = PBXBuildFile; fileRef = 348A68C929CD897D0001AF1D /* MoonBold.otf */; };
		348A68CD29CD8A8D0001AF1D /* MoonLight.otf in Resources */ = {isa = PBXBuildFile; fileRef = 348A68CA29CD897D0001AF1D /* MoonLight.otf */; };
		348A68CF29CEE60D0001AF1D /* Wave.json in Resources */ = {isa = PBXBuildFile; fileRef = 348A68CE29CEE60D0001AF1D /* Wave.json */; };
		348A68D529CEE9240001AF1D /* Confetti.json in Resources */ = {isa = PBXBuildFile; fileRef = 348A68D429CEE9240001AF1D /* Confetti.json */; };
		34C81B4D29C888BC008F8610 /* ButtonPressActions.swift in Sources */ = {isa = PBXBuildFile; fileRef = 34C81B4C29C888BC008F8610 /* ButtonPressActions.swift */; };
		D95CE6EA29C8241B00E6984D /* LieDetectorApp.swift in Sources */ = {isa = PBXBuildFile; fileRef = D95CE6E929C8241B00E6984D /* LieDetectorApp.swift */; };
		D95CE6EC29C8241B00E6984D /* ContentView.swift in Sources */ = {isa = PBXBuildFile; fileRef = D95CE6EB29C8241B00E6984D /* ContentView.swift */; };
		D95CE6EE29C8241C00E6984D /* Assets.xcassets in Resources */ = {isa = PBXBuildFile; fileRef = D95CE6ED29C8241C00E6984D /* Assets.xcassets */; };
		D95CE6F129C8241C00E6984D /* Preview Assets.xcassets in Resources */ = {isa = PBXBuildFile; fileRef = D95CE6F029C8241C00E6984D /* Preview Assets.xcassets */; };
		D95CE6FB29C8241C00E6984D /* LieDetectorTests.swift in Sources */ = {isa = PBXBuildFile; fileRef = D95CE6FA29C8241C00E6984D /* LieDetectorTests.swift */; };
		D95CE70529C8241C00E6984D /* LieDetectorUITests.swift in Sources */ = {isa = PBXBuildFile; fileRef = D95CE70429C8241C00E6984D /* LieDetectorUITests.swift */; };
		D95CE70729C8241C00E6984D /* LieDetectorUITestsLaunchTests.swift in Sources */ = {isa = PBXBuildFile; fileRef = D95CE70629C8241C00E6984D /* LieDetectorUITestsLaunchTests.swift */; };
		D95CE71629C8373E00E6984D /* Colors.swift in Sources */ = {isa = PBXBuildFile; fileRef = D95CE71529C8373E00E6984D /* Colors.swift */; };
		D95CE71829C84AA300E6984D /* TruthView.swift in Sources */ = {isa = PBXBuildFile; fileRef = D95CE71729C84AA300E6984D /* TruthView.swift */; };
		D95CE71A29C8517C00E6984D /* LieView.swift in Sources */ = {isa = PBXBuildFile; fileRef = D95CE71929C8517C00E6984D /* LieView.swift */; };
/* End PBXBuildFile section */

/* Begin PBXContainerItemProxy section */
		D95CE6F729C8241C00E6984D /* PBXContainerItemProxy */ = {
			isa = PBXContainerItemProxy;
			containerPortal = D95CE6DE29C8241B00E6984D /* Project object */;
			proxyType = 1;
			remoteGlobalIDString = D95CE6E529C8241B00E6984D;
			remoteInfo = LieDetector;
		};
		D95CE70129C8241C00E6984D /* PBXContainerItemProxy */ = {
			isa = PBXContainerItemProxy;
			containerPortal = D95CE6DE29C8241B00E6984D /* Project object */;
			proxyType = 1;
			remoteGlobalIDString = D95CE6E529C8241B00E6984D;
			remoteInfo = LieDetector;
		};
/* End PBXContainerItemProxy section */

/* Begin PBXFileReference section */
		348A68BA29CD877F0001AF1D /* LottieButton.swift */ = {isa = PBXFileReference; fileEncoding = 4; lastKnownFileType = sourcecode.swift; path = LottieButton.swift; sourceTree = "<group>"; };
		348A68BC29CD87860001AF1D /* LottieLoopView.swift */ = {isa = PBXFileReference; fileEncoding = 4; lastKnownFileType = sourcecode.swift; path = LottieLoopView.swift; sourceTree = "<group>"; };
		348A68BE29CD87960001AF1D /* AnimationTestView.swift */ = {isa = PBXFileReference; fileEncoding = 4; lastKnownFileType = sourcecode.swift; path = AnimationTestView.swift; sourceTree = "<group>"; };
		348A68C529CD88440001AF1D /* Heart Rate Clean.json */ = {isa = PBXFileReference; fileEncoding = 4; lastKnownFileType = text.json; path = "Heart Rate Clean.json"; sourceTree = "<group>"; };
		348A68C729CD89040001AF1D /* play-button.png */ = {isa = PBXFileReference; lastKnownFileType = image.png; path = "play-button.png"; sourceTree = "<group>"; };
		348A68C929CD897D0001AF1D /* MoonBold.otf */ = {isa = PBXFileReference; lastKnownFileType = file; path = MoonBold.otf; sourceTree = "<group>"; };
		348A68CA29CD897D0001AF1D /* MoonLight.otf */ = {isa = PBXFileReference; lastKnownFileType = file; path = MoonLight.otf; sourceTree = "<group>"; };
		348A68CB29CD89930001AF1D /* Info.plist */ = {isa = PBXFileReference; lastKnownFileType = text.plist; path = Info.plist; sourceTree = "<group>"; };
		348A68CE29CEE60D0001AF1D /* Wave.json */ = {isa = PBXFileReference; fileEncoding = 4; lastKnownFileType = text.json; path = Wave.json; sourceTree = "<group>"; };
		348A68D429CEE9240001AF1D /* Confetti.json */ = {isa = PBXFileReference; fileEncoding = 4; lastKnownFileType = text.json; path = Confetti.json; sourceTree = "<group>"; };
		34C81B4C29C888BC008F8610 /* ButtonPressActions.swift */ = {isa = PBXFileReference; fileEncoding = 4; lastKnownFileType = sourcecode.swift; path = ButtonPressActions.swift; sourceTree = "<group>"; };
		D95CE6E629C8241B00E6984D /* LieDetector.app */ = {isa = PBXFileReference; explicitFileType = wrapper.application; includeInIndex = 0; path = LieDetector.app; sourceTree = BUILT_PRODUCTS_DIR; };
		D95CE6E929C8241B00E6984D /* LieDetectorApp.swift */ = {isa = PBXFileReference; lastKnownFileType = sourcecode.swift; path = LieDetectorApp.swift; sourceTree = "<group>"; };
		D95CE6EB29C8241B00E6984D /* ContentView.swift */ = {isa = PBXFileReference; lastKnownFileType = sourcecode.swift; path = ContentView.swift; sourceTree = "<group>"; };
		D95CE6ED29C8241C00E6984D /* Assets.xcassets */ = {isa = PBXFileReference; lastKnownFileType = folder.assetcatalog; path = Assets.xcassets; sourceTree = "<group>"; };
		D95CE6F029C8241C00E6984D /* Preview Assets.xcassets */ = {isa = PBXFileReference; lastKnownFileType = folder.assetcatalog; path = "Preview Assets.xcassets"; sourceTree = "<group>"; };
		D95CE6F629C8241C00E6984D /* LieDetectorTests.xctest */ = {isa = PBXFileReference; explicitFileType = wrapper.cfbundle; includeInIndex = 0; path = LieDetectorTests.xctest; sourceTree = BUILT_PRODUCTS_DIR; };
		D95CE6FA29C8241C00E6984D /* LieDetectorTests.swift */ = {isa = PBXFileReference; lastKnownFileType = sourcecode.swift; path = LieDetectorTests.swift; sourceTree = "<group>"; };
		D95CE70029C8241C00E6984D /* LieDetectorUITests.xctest */ = {isa = PBXFileReference; explicitFileType = wrapper.cfbundle; includeInIndex = 0; path = LieDetectorUITests.xctest; sourceTree = BUILT_PRODUCTS_DIR; };
		D95CE70429C8241C00E6984D /* LieDetectorUITests.swift */ = {isa = PBXFileReference; lastKnownFileType = sourcecode.swift; path = LieDetectorUITests.swift; sourceTree = "<group>"; };
		D95CE70629C8241C00E6984D /* LieDetectorUITestsLaunchTests.swift */ = {isa = PBXFileReference; lastKnownFileType = sourcecode.swift; path = LieDetectorUITestsLaunchTests.swift; sourceTree = "<group>"; };
		D95CE71529C8373E00E6984D /* Colors.swift */ = {isa = PBXFileReference; lastKnownFileType = sourcecode.swift; path = Colors.swift; sourceTree = "<group>"; };
		D95CE71729C84AA300E6984D /* TruthView.swift */ = {isa = PBXFileReference; lastKnownFileType = sourcecode.swift; path = TruthView.swift; sourceTree = "<group>"; };
		D95CE71929C8517C00E6984D /* LieView.swift */ = {isa = PBXFileReference; lastKnownFileType = sourcecode.swift; path = LieView.swift; sourceTree = "<group>"; };
/* End PBXFileReference section */

/* Begin PBXFrameworksBuildPhase section */
		D95CE6E329C8241B00E6984D /* Frameworks */ = {
			isa = PBXFrameworksBuildPhase;
			buildActionMask = 2147483647;
			files = (
				348A68C229CD87AC0001AF1D /* Lottie in Frameworks */,
			);
			runOnlyForDeploymentPostprocessing = 0;
		};
		D95CE6F329C8241C00E6984D /* Frameworks */ = {
			isa = PBXFrameworksBuildPhase;
			buildActionMask = 2147483647;
			files = (
			);
			runOnlyForDeploymentPostprocessing = 0;
		};
		D95CE6FD29C8241C00E6984D /* Frameworks */ = {
			isa = PBXFrameworksBuildPhase;
			buildActionMask = 2147483647;
			files = (
			);
			runOnlyForDeploymentPostprocessing = 0;
		};
/* End PBXFrameworksBuildPhase section */

/* Begin PBXGroup section */
		D95CE6DD29C8241B00E6984D = {
			isa = PBXGroup;
			children = (
				D95CE6E829C8241B00E6984D /* LieDetector */,
				D95CE6F929C8241C00E6984D /* LieDetectorTests */,
				D95CE70329C8241C00E6984D /* LieDetectorUITests */,
				D95CE6E729C8241B00E6984D /* Products */,
			);
			sourceTree = "<group>";
		};
		D95CE6E729C8241B00E6984D /* Products */ = {
			isa = PBXGroup;
			children = (
				D95CE6E629C8241B00E6984D /* LieDetector.app */,
				D95CE6F629C8241C00E6984D /* LieDetectorTests.xctest */,
				D95CE70029C8241C00E6984D /* LieDetectorUITests.xctest */,
			);
			name = Products;
			sourceTree = "<group>";
		};
		D95CE6E829C8241B00E6984D /* LieDetector */ = {
			isa = PBXGroup;
			children = (
				348A68CB29CD89930001AF1D /* Info.plist */,
				D95CE6E929C8241B00E6984D /* LieDetectorApp.swift */,
				D95CE6EB29C8241B00E6984D /* ContentView.swift */,
				D95CE71529C8373E00E6984D /* Colors.swift */,
				34C81B4C29C888BC008F8610 /* ButtonPressActions.swift */,
				348A68BA29CD877F0001AF1D /* LottieButton.swift */,
				348A68BC29CD87860001AF1D /* LottieLoopView.swift */,
				348A68BE29CD87960001AF1D /* AnimationTestView.swift */,
				348A68C529CD88440001AF1D /* Heart Rate Clean.json */,
				348A68CE29CEE60D0001AF1D /* Wave.json */,
				348A68D429CEE9240001AF1D /* Confetti.json */,
				348A68C929CD897D0001AF1D /* MoonBold.otf */,
				348A68CA29CD897D0001AF1D /* MoonLight.otf */,
				348A68C729CD89040001AF1D /* play-button.png */,
				D95CE6ED29C8241C00E6984D /* Assets.xcassets */,
				D95CE6EF29C8241C00E6984D /* Preview Content */,
				D95CE71729C84AA300E6984D /* TruthView.swift */,
				D95CE71929C8517C00E6984D /* LieView.swift */,
			);
			path = LieDetector;
			sourceTree = "<group>";
		};
		D95CE6EF29C8241C00E6984D /* Preview Content */ = {
			isa = PBXGroup;
			children = (
				D95CE6F029C8241C00E6984D /* Preview Assets.xcassets */,
			);
			path = "Preview Content";
			sourceTree = "<group>";
		};
		D95CE6F929C8241C00E6984D /* LieDetectorTests */ = {
			isa = PBXGroup;
			children = (
				D95CE6FA29C8241C00E6984D /* LieDetectorTests.swift */,
			);
			path = LieDetectorTests;
			sourceTree = "<group>";
		};
		D95CE70329C8241C00E6984D /* LieDetectorUITests */ = {
			isa = PBXGroup;
			children = (
				D95CE70429C8241C00E6984D /* LieDetectorUITests.swift */,
				D95CE70629C8241C00E6984D /* LieDetectorUITestsLaunchTests.swift */,
			);
			path = LieDetectorUITests;
			sourceTree = "<group>";
		};
/* End PBXGroup section */

/* Begin PBXNativeTarget section */
		D95CE6E529C8241B00E6984D /* LieDetector */ = {
			isa = PBXNativeTarget;
			buildConfigurationList = D95CE70A29C8241C00E6984D /* Build configuration list for PBXNativeTarget "LieDetector" */;
			buildPhases = (
				D95CE6E229C8241B00E6984D /* Sources */,
				D95CE6E329C8241B00E6984D /* Frameworks */,
				D95CE6E429C8241B00E6984D /* Resources */,
			);
			buildRules = (
			);
			dependencies = (
			);
			name = LieDetector;
			packageProductDependencies = (
				348A68C129CD87AC0001AF1D /* Lottie */,
			);
			productName = LieDetector;
			productReference = D95CE6E629C8241B00E6984D /* LieDetector.app */;
			productType = "com.apple.product-type.application";
		};
		D95CE6F529C8241C00E6984D /* LieDetectorTests */ = {
			isa = PBXNativeTarget;
			buildConfigurationList = D95CE70D29C8241C00E6984D /* Build configuration list for PBXNativeTarget "LieDetectorTests" */;
			buildPhases = (
				D95CE6F229C8241C00E6984D /* Sources */,
				D95CE6F329C8241C00E6984D /* Frameworks */,
				D95CE6F429C8241C00E6984D /* Resources */,
			);
			buildRules = (
			);
			dependencies = (
				D95CE6F829C8241C00E6984D /* PBXTargetDependency */,
			);
			name = LieDetectorTests;
			productName = LieDetectorTests;
			productReference = D95CE6F629C8241C00E6984D /* LieDetectorTests.xctest */;
			productType = "com.apple.product-type.bundle.unit-test";
		};
		D95CE6FF29C8241C00E6984D /* LieDetectorUITests */ = {
			isa = PBXNativeTarget;
			buildConfigurationList = D95CE71029C8241C00E6984D /* Build configuration list for PBXNativeTarget "LieDetectorUITests" */;
			buildPhases = (
				D95CE6FC29C8241C00E6984D /* Sources */,
				D95CE6FD29C8241C00E6984D /* Frameworks */,
				D95CE6FE29C8241C00E6984D /* Resources */,
			);
			buildRules = (
			);
			dependencies = (
				D95CE70229C8241C00E6984D /* PBXTargetDependency */,
			);
			name = LieDetectorUITests;
			productName = LieDetectorUITests;
			productReference = D95CE70029C8241C00E6984D /* LieDetectorUITests.xctest */;
			productType = "com.apple.product-type.bundle.ui-testing";
		};
/* End PBXNativeTarget section */

/* Begin PBXProject section */
		D95CE6DE29C8241B00E6984D /* Project object */ = {
			isa = PBXProject;
			attributes = {
				BuildIndependentTargetsInParallel = 1;
				LastSwiftUpdateCheck = 1420;
				LastUpgradeCheck = 1420;
				TargetAttributes = {
					D95CE6E529C8241B00E6984D = {
						CreatedOnToolsVersion = 14.2;
					};
					D95CE6F529C8241C00E6984D = {
						CreatedOnToolsVersion = 14.2;
						TestTargetID = D95CE6E529C8241B00E6984D;
					};
					D95CE6FF29C8241C00E6984D = {
						CreatedOnToolsVersion = 14.2;
						TestTargetID = D95CE6E529C8241B00E6984D;
					};
				};
			};
			buildConfigurationList = D95CE6E129C8241B00E6984D /* Build configuration list for PBXProject "LieDetector" */;
			compatibilityVersion = "Xcode 14.0";
			developmentRegion = en;
			hasScannedForEncodings = 0;
			knownRegions = (
				en,
				Base,
			);
			mainGroup = D95CE6DD29C8241B00E6984D;
			packageReferences = (
				348A68C029CD87AC0001AF1D /* XCRemoteSwiftPackageReference "lottie-ios" */,
			);
			productRefGroup = D95CE6E729C8241B00E6984D /* Products */;
			projectDirPath = "";
			projectRoot = "";
			targets = (
				D95CE6E529C8241B00E6984D /* LieDetector */,
				D95CE6F529C8241C00E6984D /* LieDetectorTests */,
				D95CE6FF29C8241C00E6984D /* LieDetectorUITests */,
			);
		};
/* End PBXProject section */

/* Begin PBXResourcesBuildPhase section */
		D95CE6E429C8241B00E6984D /* Resources */ = {
			isa = PBXResourcesBuildPhase;
			buildActionMask = 2147483647;
			files = (
				348A68C629CD88440001AF1D /* Heart Rate Clean.json in Resources */,
				348A68CD29CD8A8D0001AF1D /* MoonLight.otf in Resources */,
				348A68D529CEE9240001AF1D /* Confetti.json in Resources */,
				D95CE6F129C8241C00E6984D /* Preview Assets.xcassets in Resources */,
				348A68CF29CEE60D0001AF1D /* Wave.json in Resources */,
				348A68CC29CD8A8A0001AF1D /* MoonBold.otf in Resources */,
				D95CE6EE29C8241C00E6984D /* Assets.xcassets in Resources */,
				348A68C829CD89040001AF1D /* play-button.png in Resources */,
			);
			runOnlyForDeploymentPostprocessing = 0;
		};
		D95CE6F429C8241C00E6984D /* Resources */ = {
			isa = PBXResourcesBuildPhase;
			buildActionMask = 2147483647;
			files = (
			);
			runOnlyForDeploymentPostprocessing = 0;
		};
		D95CE6FE29C8241C00E6984D /* Resources */ = {
			isa = PBXResourcesBuildPhase;
			buildActionMask = 2147483647;
			files = (
			);
			runOnlyForDeploymentPostprocessing = 0;
		};
/* End PBXResourcesBuildPhase section */

/* Begin PBXSourcesBuildPhase section */
		D95CE6E229C8241B00E6984D /* Sources */ = {
			isa = PBXSourcesBuildPhase;
			buildActionMask = 2147483647;
			files = (
				D95CE71829C84AA300E6984D /* TruthView.swift in Sources */,
				D95CE6EC29C8241B00E6984D /* ContentView.swift in Sources */,
				348A68BB29CD877F0001AF1D /* LottieButton.swift in Sources */,
				348A68BF29CD87960001AF1D /* AnimationTestView.swift in Sources */,
				D95CE71629C8373E00E6984D /* Colors.swift in Sources */,
				34C81B4D29C888BC008F8610 /* ButtonPressActions.swift in Sources */,
				348A68BD29CD87860001AF1D /* LottieLoopView.swift in Sources */,
				D95CE71A29C8517C00E6984D /* LieView.swift in Sources */,
				D95CE6EA29C8241B00E6984D /* LieDetectorApp.swift in Sources */,
			);
			runOnlyForDeploymentPostprocessing = 0;
		};
		D95CE6F229C8241C00E6984D /* Sources */ = {
			isa = PBXSourcesBuildPhase;
			buildActionMask = 2147483647;
			files = (
				D95CE6FB29C8241C00E6984D /* LieDetectorTests.swift in Sources */,
			);
			runOnlyForDeploymentPostprocessing = 0;
		};
		D95CE6FC29C8241C00E6984D /* Sources */ = {
			isa = PBXSourcesBuildPhase;
			buildActionMask = 2147483647;
			files = (
				D95CE70529C8241C00E6984D /* LieDetectorUITests.swift in Sources */,
				D95CE70729C8241C00E6984D /* LieDetectorUITestsLaunchTests.swift in Sources */,
			);
			runOnlyForDeploymentPostprocessing = 0;
		};
/* End PBXSourcesBuildPhase section */

/* Begin PBXTargetDependency section */
		D95CE6F829C8241C00E6984D /* PBXTargetDependency */ = {
			isa = PBXTargetDependency;
			target = D95CE6E529C8241B00E6984D /* LieDetector */;
			targetProxy = D95CE6F729C8241C00E6984D /* PBXContainerItemProxy */;
		};
		D95CE70229C8241C00E6984D /* PBXTargetDependency */ = {
			isa = PBXTargetDependency;
			target = D95CE6E529C8241B00E6984D /* LieDetector */;
			targetProxy = D95CE70129C8241C00E6984D /* PBXContainerItemProxy */;
		};
/* End PBXTargetDependency section */

/* Begin XCBuildConfiguration section */
		D95CE70829C8241C00E6984D /* Debug */ = {
			isa = XCBuildConfiguration;
			buildSettings = {
				ALWAYS_SEARCH_USER_PATHS = NO;
				CLANG_ANALYZER_NONNULL = YES;
				CLANG_ANALYZER_NUMBER_OBJECT_CONVERSION = YES_AGGRESSIVE;
				CLANG_CXX_LANGUAGE_STANDARD = "gnu++20";
				CLANG_ENABLE_MODULES = YES;
				CLANG_ENABLE_OBJC_ARC = YES;
				CLANG_ENABLE_OBJC_WEAK = YES;
				CLANG_WARN_BLOCK_CAPTURE_AUTORELEASING = YES;
				CLANG_WARN_BOOL_CONVERSION = YES;
				CLANG_WARN_COMMA = YES;
				CLANG_WARN_CONSTANT_CONVERSION = YES;
				CLANG_WARN_DEPRECATED_OBJC_IMPLEMENTATIONS = YES;
				CLANG_WARN_DIRECT_OBJC_ISA_USAGE = YES_ERROR;
				CLANG_WARN_DOCUMENTATION_COMMENTS = YES;
				CLANG_WARN_EMPTY_BODY = YES;
				CLANG_WARN_ENUM_CONVERSION = YES;
				CLANG_WARN_INFINITE_RECURSION = YES;
				CLANG_WARN_INT_CONVERSION = YES;
				CLANG_WARN_NON_LITERAL_NULL_CONVERSION = YES;
				CLANG_WARN_OBJC_IMPLICIT_RETAIN_SELF = YES;
				CLANG_WARN_OBJC_LITERAL_CONVERSION = YES;
				CLANG_WARN_OBJC_ROOT_CLASS = YES_ERROR;
				CLANG_WARN_QUOTED_INCLUDE_IN_FRAMEWORK_HEADER = YES;
				CLANG_WARN_RANGE_LOOP_ANALYSIS = YES;
				CLANG_WARN_STRICT_PROTOTYPES = YES;
				CLANG_WARN_SUSPICIOUS_MOVE = YES;
				CLANG_WARN_UNGUARDED_AVAILABILITY = YES_AGGRESSIVE;
				CLANG_WARN_UNREACHABLE_CODE = YES;
				CLANG_WARN__DUPLICATE_METHOD_MATCH = YES;
				COPY_PHASE_STRIP = NO;
				DEBUG_INFORMATION_FORMAT = dwarf;
				ENABLE_STRICT_OBJC_MSGSEND = YES;
				ENABLE_TESTABILITY = YES;
				GCC_C_LANGUAGE_STANDARD = gnu11;
				GCC_DYNAMIC_NO_PIC = NO;
				GCC_NO_COMMON_BLOCKS = YES;
				GCC_OPTIMIZATION_LEVEL = 0;
				GCC_PREPROCESSOR_DEFINITIONS = (
					"DEBUG=1",
					"$(inherited)",
				);
				GCC_WARN_64_TO_32_BIT_CONVERSION = YES;
				GCC_WARN_ABOUT_RETURN_TYPE = YES_ERROR;
				GCC_WARN_UNDECLARED_SELECTOR = YES;
				GCC_WARN_UNINITIALIZED_AUTOS = YES_AGGRESSIVE;
				GCC_WARN_UNUSED_FUNCTION = YES;
				GCC_WARN_UNUSED_VARIABLE = YES;
				IPHONEOS_DEPLOYMENT_TARGET = 16.2;
				MTL_ENABLE_DEBUG_INFO = INCLUDE_SOURCE;
				MTL_FAST_MATH = YES;
				ONLY_ACTIVE_ARCH = YES;
				SDKROOT = iphoneos;
				SWIFT_ACTIVE_COMPILATION_CONDITIONS = DEBUG;
				SWIFT_OPTIMIZATION_LEVEL = "-Onone";
			};
			name = Debug;
		};
		D95CE70929C8241C00E6984D /* Release */ = {
			isa = XCBuildConfiguration;
			buildSettings = {
				ALWAYS_SEARCH_USER_PATHS = NO;
				CLANG_ANALYZER_NONNULL = YES;
				CLANG_ANALYZER_NUMBER_OBJECT_CONVERSION = YES_AGGRESSIVE;
				CLANG_CXX_LANGUAGE_STANDARD = "gnu++20";
				CLANG_ENABLE_MODULES = YES;
				CLANG_ENABLE_OBJC_ARC = YES;
				CLANG_ENABLE_OBJC_WEAK = YES;
				CLANG_WARN_BLOCK_CAPTURE_AUTORELEASING = YES;
				CLANG_WARN_BOOL_CONVERSION = YES;
				CLANG_WARN_COMMA = YES;
				CLANG_WARN_CONSTANT_CONVERSION = YES;
				CLANG_WARN_DEPRECATED_OBJC_IMPLEMENTATIONS = YES;
				CLANG_WARN_DIRECT_OBJC_ISA_USAGE = YES_ERROR;
				CLANG_WARN_DOCUMENTATION_COMMENTS = YES;
				CLANG_WARN_EMPTY_BODY = YES;
				CLANG_WARN_ENUM_CONVERSION = YES;
				CLANG_WARN_INFINITE_RECURSION = YES;
				CLANG_WARN_INT_CONVERSION = YES;
				CLANG_WARN_NON_LITERAL_NULL_CONVERSION = YES;
				CLANG_WARN_OBJC_IMPLICIT_RETAIN_SELF = YES;
				CLANG_WARN_OBJC_LITERAL_CONVERSION = YES;
				CLANG_WARN_OBJC_ROOT_CLASS = YES_ERROR;
				CLANG_WARN_QUOTED_INCLUDE_IN_FRAMEWORK_HEADER = YES;
				CLANG_WARN_RANGE_LOOP_ANALYSIS = YES;
				CLANG_WARN_STRICT_PROTOTYPES = YES;
				CLANG_WARN_SUSPICIOUS_MOVE = YES;
				CLANG_WARN_UNGUARDED_AVAILABILITY = YES_AGGRESSIVE;
				CLANG_WARN_UNREACHABLE_CODE = YES;
				CLANG_WARN__DUPLICATE_METHOD_MATCH = YES;
				COPY_PHASE_STRIP = NO;
				DEBUG_INFORMATION_FORMAT = "dwarf-with-dsym";
				ENABLE_NS_ASSERTIONS = NO;
				ENABLE_STRICT_OBJC_MSGSEND = YES;
				GCC_C_LANGUAGE_STANDARD = gnu11;
				GCC_NO_COMMON_BLOCKS = YES;
				GCC_WARN_64_TO_32_BIT_CONVERSION = YES;
				GCC_WARN_ABOUT_RETURN_TYPE = YES_ERROR;
				GCC_WARN_UNDECLARED_SELECTOR = YES;
				GCC_WARN_UNINITIALIZED_AUTOS = YES_AGGRESSIVE;
				GCC_WARN_UNUSED_FUNCTION = YES;
				GCC_WARN_UNUSED_VARIABLE = YES;
				IPHONEOS_DEPLOYMENT_TARGET = 16.2;
				MTL_ENABLE_DEBUG_INFO = NO;
				MTL_FAST_MATH = YES;
				SDKROOT = iphoneos;
				SWIFT_COMPILATION_MODE = wholemodule;
				SWIFT_OPTIMIZATION_LEVEL = "-O";
				VALIDATE_PRODUCT = YES;
			};
			name = Release;
		};
		D95CE70B29C8241C00E6984D /* Debug */ = {
			isa = XCBuildConfiguration;
			buildSettings = {
				ASSETCATALOG_COMPILER_APPICON_NAME = AppIcon;
				ASSETCATALOG_COMPILER_GLOBAL_ACCENT_COLOR_NAME = AccentColor;
				CODE_SIGN_STYLE = Automatic;
				CURRENT_PROJECT_VERSION = 1;
				DEVELOPMENT_ASSET_PATHS = "\"LieDetector/Preview Content\"";
				DEVELOPMENT_TEAM = J8K9Y95847;
				ENABLE_PREVIEWS = YES;
				GENERATE_INFOPLIST_FILE = YES;
				INFOPLIST_FILE = LieDetector/Info.plist;
				INFOPLIST_KEY_NSMicrophoneUsageDescription = "LieDetector always microphone use";
				INFOPLIST_KEY_UIApplicationSceneManifest_Generation = YES;
				INFOPLIST_KEY_UIApplicationSupportsIndirectInputEvents = YES;
				INFOPLIST_KEY_UILaunchScreen_Generation = YES;
				INFOPLIST_KEY_UISupportedInterfaceOrientations_iPad = "UIInterfaceOrientationPortrait UIInterfaceOrientationPortraitUpsideDown UIInterfaceOrientationLandscapeLeft UIInterfaceOrientationLandscapeRight";
				INFOPLIST_KEY_UISupportedInterfaceOrientations_iPhone = "UIInterfaceOrientationPortrait UIInterfaceOrientationLandscapeLeft UIInterfaceOrientationLandscapeRight";
				LD_RUNPATH_SEARCH_PATHS = (
					"$(inherited)",
					"@executable_path/Frameworks",
				);
				MARKETING_VERSION = 1.0;
				PRODUCT_BUNDLE_IDENTIFIER = com.example.LieDetector;
				PRODUCT_NAME = "$(TARGET_NAME)";
				SWIFT_EMIT_LOC_STRINGS = YES;
				SWIFT_VERSION = 5.0;
				TARGETED_DEVICE_FAMILY = "1,2";
			};
			name = Debug;
		};
		D95CE70C29C8241C00E6984D /* Release */ = {
			isa = XCBuildConfiguration;
			buildSettings = {
				ASSETCATALOG_COMPILER_APPICON_NAME = AppIcon;
				ASSETCATALOG_COMPILER_GLOBAL_ACCENT_COLOR_NAME = AccentColor;
				CODE_SIGN_STYLE = Automatic;
				CURRENT_PROJECT_VERSION = 1;
				DEVELOPMENT_ASSET_PATHS = "\"LieDetector/Preview Content\"";
				DEVELOPMENT_TEAM = J8K9Y95847;
				ENABLE_PREVIEWS = YES;
				GENERATE_INFOPLIST_FILE = YES;
				INFOPLIST_FILE = LieDetector/Info.plist;
				INFOPLIST_KEY_NSMicrophoneUsageDescription = "LieDetector always microphone use";
				INFOPLIST_KEY_UIApplicationSceneManifest_Generation = YES;
				INFOPLIST_KEY_UIApplicationSupportsIndirectInputEvents = YES;
				INFOPLIST_KEY_UILaunchScreen_Generation = YES;
				INFOPLIST_KEY_UISupportedInterfaceOrientations_iPad = "UIInterfaceOrientationPortrait UIInterfaceOrientationPortraitUpsideDown UIInterfaceOrientationLandscapeLeft UIInterfaceOrientationLandscapeRight";
				INFOPLIST_KEY_UISupportedInterfaceOrientations_iPhone = "UIInterfaceOrientationPortrait UIInterfaceOrientationLandscapeLeft UIInterfaceOrientationLandscapeRight";
				LD_RUNPATH_SEARCH_PATHS = (
					"$(inherited)",
					"@executable_path/Frameworks",
				);
				MARKETING_VERSION = 1.0;
				PRODUCT_BUNDLE_IDENTIFIER = com.example.LieDetector;
				PRODUCT_NAME = "$(TARGET_NAME)";
				SWIFT_EMIT_LOC_STRINGS = YES;
				SWIFT_VERSION = 5.0;
				TARGETED_DEVICE_FAMILY = "1,2";
			};
			name = Release;
		};
		D95CE70E29C8241C00E6984D /* Debug */ = {
			isa = XCBuildConfiguration;
			buildSettings = {
				ALWAYS_EMBED_SWIFT_STANDARD_LIBRARIES = YES;
				BUNDLE_LOADER = "$(TEST_HOST)";
				CODE_SIGN_STYLE = Automatic;
				CURRENT_PROJECT_VERSION = 1;
				DEVELOPMENT_TEAM = YWZWHPN8QL;
				GENERATE_INFOPLIST_FILE = YES;
				IPHONEOS_DEPLOYMENT_TARGET = 16.2;
				MARKETING_VERSION = 1.0;
				PRODUCT_BUNDLE_IDENTIFIER = com.example.firstTest.LieDetectorTests;
				PRODUCT_NAME = "$(TARGET_NAME)";
				SWIFT_EMIT_LOC_STRINGS = NO;
				SWIFT_VERSION = 5.0;
				TARGETED_DEVICE_FAMILY = "1,2";
				TEST_HOST = "$(BUILT_PRODUCTS_DIR)/LieDetector.app/$(BUNDLE_EXECUTABLE_FOLDER_PATH)/LieDetector";
			};
			name = Debug;
		};
		D95CE70F29C8241C00E6984D /* Release */ = {
			isa = XCBuildConfiguration;
			buildSettings = {
				ALWAYS_EMBED_SWIFT_STANDARD_LIBRARIES = YES;
				BUNDLE_LOADER = "$(TEST_HOST)";
				CODE_SIGN_STYLE = Automatic;
				CURRENT_PROJECT_VERSION = 1;
				DEVELOPMENT_TEAM = YWZWHPN8QL;
				GENERATE_INFOPLIST_FILE = YES;
				IPHONEOS_DEPLOYMENT_TARGET = 16.2;
				MARKETING_VERSION = 1.0;
				PRODUCT_BUNDLE_IDENTIFIER = com.example.firstTest.LieDetectorTests;
				PRODUCT_NAME = "$(TARGET_NAME)";
				SWIFT_EMIT_LOC_STRINGS = NO;
				SWIFT_VERSION = 5.0;
				TARGETED_DEVICE_FAMILY = "1,2";
				TEST_HOST = "$(BUILT_PRODUCTS_DIR)/LieDetector.app/$(BUNDLE_EXECUTABLE_FOLDER_PATH)/LieDetector";
			};
			name = Release;
		};
		D95CE71129C8241C00E6984D /* Debug */ = {
			isa = XCBuildConfiguration;
			buildSettings = {
				ALWAYS_EMBED_SWIFT_STANDARD_LIBRARIES = YES;
				CODE_SIGN_STYLE = Automatic;
				CURRENT_PROJECT_VERSION = 1;
				DEVELOPMENT_TEAM = YWZWHPN8QL;
				GENERATE_INFOPLIST_FILE = YES;
				MARKETING_VERSION = 1.0;
				PRODUCT_BUNDLE_IDENTIFIER = com.example.firstTest.LieDetectorUITests;
				PRODUCT_NAME = "$(TARGET_NAME)";
				SWIFT_EMIT_LOC_STRINGS = NO;
				SWIFT_VERSION = 5.0;
				TARGETED_DEVICE_FAMILY = "1,2";
				TEST_TARGET_NAME = LieDetector;
			};
			name = Debug;
		};
		D95CE71229C8241C00E6984D /* Release */ = {
			isa = XCBuildConfiguration;
			buildSettings = {
				ALWAYS_EMBED_SWIFT_STANDARD_LIBRARIES = YES;
				CODE_SIGN_STYLE = Automatic;
				CURRENT_PROJECT_VERSION = 1;
				DEVELOPMENT_TEAM = YWZWHPN8QL;
				GENERATE_INFOPLIST_FILE = YES;
				MARKETING_VERSION = 1.0;
				PRODUCT_BUNDLE_IDENTIFIER = com.example.firstTest.LieDetectorUITests;
				PRODUCT_NAME = "$(TARGET_NAME)";
				SWIFT_EMIT_LOC_STRINGS = NO;
				SWIFT_VERSION = 5.0;
				TARGETED_DEVICE_FAMILY = "1,2";
				TEST_TARGET_NAME = LieDetector;
			};
			name = Release;
		};
/* End XCBuildConfiguration section */

/* Begin XCConfigurationList section */
		D95CE6E129C8241B00E6984D /* Build configuration list for PBXProject "LieDetector" */ = {
			isa = XCConfigurationList;
			buildConfigurations = (
				D95CE70829C8241C00E6984D /* Debug */,
				D95CE70929C8241C00E6984D /* Release */,
			);
			defaultConfigurationIsVisible = 0;
			defaultConfigurationName = Release;
		};
		D95CE70A29C8241C00E6984D /* Build configuration list for PBXNativeTarget "LieDetector" */ = {
			isa = XCConfigurationList;
			buildConfigurations = (
				D95CE70B29C8241C00E6984D /* Debug */,
				D95CE70C29C8241C00E6984D /* Release */,
			);
			defaultConfigurationIsVisible = 0;
			defaultConfigurationName = Release;
		};
		D95CE70D29C8241C00E6984D /* Build configuration list for PBXNativeTarget "LieDetectorTests" */ = {
			isa = XCConfigurationList;
			buildConfigurations = (
				D95CE70E29C8241C00E6984D /* Debug */,
				D95CE70F29C8241C00E6984D /* Release */,
			);
			defaultConfigurationIsVisible = 0;
			defaultConfigurationName = Release;
		};
		D95CE71029C8241C00E6984D /* Build configuration list for PBXNativeTarget "LieDetectorUITests" */ = {
			isa = XCConfigurationList;
			buildConfigurations = (
				D95CE71129C8241C00E6984D /* Debug */,
				D95CE71229C8241C00E6984D /* Release */,
			);
			defaultConfigurationIsVisible = 0;
			defaultConfigurationName = Release;
		};
/* End XCConfigurationList section */

/* Begin XCRemoteSwiftPackageReference section */
		348A68C029CD87AC0001AF1D /* XCRemoteSwiftPackageReference "lottie-ios" */ = {
			isa = XCRemoteSwiftPackageReference;
			repositoryURL = "https://github.com/airbnb/lottie-ios.git";
			requirement = {
				branch = master;
				kind = branch;
			};
		};
/* End XCRemoteSwiftPackageReference section */

/* Begin XCSwiftPackageProductDependency section */
		348A68C129CD87AC0001AF1D /* Lottie */ = {
			isa = XCSwiftPackageProductDependency;
			package = 348A68C029CD87AC0001AF1D /* XCRemoteSwiftPackageReference "lottie-ios" */;
			productName = Lottie;
		};
/* End XCSwiftPackageProductDependency section */
	};
	rootObject = D95CE6DE29C8241B00E6984D /* Project object */;
}
